
Microsoft Visual Studio Solution File, Format Version 12.00
# Visual Studio Version 17
VisualStudioVersion = 17.14.36414.22 d17.14
MinimumVisualStudioVersion = 10.0.40219.1
Project("{FAE04EC0-301F-11D3-BF4B-00C04F79EFBC}") = "SoloUnClick.web", "SoloUnClick.web\SoloUnClick.web.csproj", "{8E35DE4C-7608-4705-A6E3-FC5405753EA3}"
EndProject
Project("{FAE04EC0-301F-11D3-BF4B-00C04F79EFBC}") = "SoloUnClick.Domain", "SoloUnClick.Domain\SoloUnClick.Domain.csproj", "{D6357370-C274-4244-B1B0-26F852D81E99}"
EndProject
Project("{FAE04EC0-301F-11D3-BF4B-00C04F79EFBC}") = "SoloUnClick.Infrastructure", "SoloUnClick.Infrastructure\SoloUnClick.Infrastructure.csproj", "{2FBABEFB-320D-47B4-87E6-EE57E246C634}"
EndProject
Global
	GlobalSection(SolutionConfigurationPlatforms) = preSolution
		Debug|Any CPU = Debug|Any CPU
		Release|Any CPU = Release|Any CPU
	EndGlobalSection
	GlobalSection(ProjectConfigurationPlatforms) = postSolution
		{8E35DE4C-7608-4705-A6E3-FC5405753EA3}.Debug|Any CPU.ActiveCfg = Debug|Any CPU
		{8E35DE4C-7608-4705-A6E3-FC5405753EA3}.Debug|Any CPU.Build.0 = Debug|Any CPU
		{8E35DE4C-7608-4705-A6E3-FC5405753EA3}.Release|Any CPU.ActiveCfg = Release|Any CPU
		{8E35DE4C-7608-4705-A6E3-FC5405753EA3}.Release|Any CPU.Build.0 = Release|Any CPU
		{D6357370-C274-4244-B1B0-26F852D81E99}.Debug|Any CPU.ActiveCfg = Debug|Any CPU
		{D6357370-C274-4244-B1B0-26F852D81E99}.Debug|Any CPU.Build.0 = Debug|Any CPU
		{D6357370-C274-4244-B1B0-26F852D81E99}.Release|Any CPU.ActiveCfg = Release|Any CPU
		{D6357370-C274-4244-B1B0-26F852D81E99}.Release|Any CPU.Build.0 = Release|Any CPU
		{2FBABEFB-320D-47B4-87E6-EE57E246C634}.Debug|Any CPU.ActiveCfg = Debug|Any CPU
		{2FBABEFB-320D-47B4-87E6-EE57E246C634}.Debug|Any CPU.Build.0 = Debug|Any CPU
		{2FBABEFB-320D-47B4-87E6-EE57E246C634}.Release|Any CPU.ActiveCfg = Release|Any CPU
		{2FBABEFB-320D-47B4-87E6-EE57E246C634}.Release|Any CPU.Build.0 = Release|Any CPU
	EndGlobalSection
	GlobalSection(SolutionProperties) = preSolution
		HideSolutionNode = FALSE
	EndGlobalSection
	GlobalSection(ExtensibilityGlobals) = postSolution
		SolutionGuid = {C08614C1-F7BE-47C5-9CF0-D960E4F84D8C}
	EndGlobalSection
EndGlobal
